// !$*UTF8*$!
{
	archiveVersion = 1;
	classes = {
	};
	objectVersion = 46;
	objects = {

/* Begin PBXBuildFile section */
		8CAA5B721BED8CE0004489D9 /* decrypt.c in Sources */ = {isa = PBXBuildFile; fileRef = 8CAA5B6D1BED8CE0004489D9 /* decrypt.c */; };
		8CAA5B731BED8CE0004489D9 /* main.c in Sources */ = {isa = PBXBuildFile; fileRef = 8CAA5B6F1BED8CE0004489D9 /* main.c */; };
		8CAA5B741BED8CE0004489D9 /* memwatch.c in Sources */ = {isa = PBXBuildFile; fileRef = 8CAA5B701BED8CE0004489D9 /* memwatch.c */; };
/* End PBXBuildFile section */

/* Begin PBXCopyFilesBuildPhase section */
		8CAA5B611BED8C84004489D9 /* CopyFiles */ = {
			isa = PBXCopyFilesBuildPhase;
			buildActionMask = 2147483647;
			dstPath = /usr/share/man/man1/;
			dstSubfolderSpec = 0;
			files = (
			);
			runOnlyForDeploymentPostprocessing = 1;
		};
/* End PBXCopyFilesBuildPhase section */

/* Begin PBXFileReference section */
		8CAA5B631BED8C84004489D9 /* TwitterDecompiler */ = {isa = PBXFileReference; explicitFileType = "compiled.mach-o.executable"; includeInIndex = 0; path = TwitterDecompiler; sourceTree = BUILT_PRODUCTS_DIR; };
		8CAA5B6D1BED8CE0004489D9 /* decrypt.c */ = {isa = PBXFileReference; fileEncoding = 4; lastKnownFileType = sourcecode.c.c; name = decrypt.c; path = ../../Assignment3/decrypt.c; sourceTree = "<group>"; };
		8CAA5B6E1BED8CE0004489D9 /* decrypt.h */ = {isa = PBXFileReference; fileEncoding = 4; lastKnownFileType = sourcecode.c.h; name = decrypt.h; path = ../../Assignment3/decrypt.h; sourceTree = "<group>"; };
		8CAA5B6F1BED8CE0004489D9 /* main.c */ = {isa = PBXFileReference; fileEncoding = 4; lastKnownFileType = sourcecode.c.c; name = main.c; path = ../../Assignment3/main.c; sourceTree = "<group>"; };
		8CAA5B701BED8CE0004489D9 /* memwatch.c */ = {isa = PBXFileReference; fileEncoding = 4; lastKnownFileType = sourcecode.c.c; name = memwatch.c; path = ../../Assignment3/memwatch.c; sourceTree = "<group>"; };
		8CAA5B711BED8CE0004489D9 /* memwatch.h */ = {isa = PBXFileReference; fileEncoding = 4; lastKnownFileType = sourcecode.c.h; name = memwatch.h; path = ../../Assignment3/memwatch.h; sourceTree = "<group>"; };
/* End PBXFileReference section */

/* Begin PBXFrameworksBuildPhase section */
		8CAA5B601BED8C84004489D9 /* Frameworks */ = {
			isa = PBXFrameworksBuildPhase;
			buildActionMask = 2147483647;
			files = (
			);
			runOnlyForDeploymentPostprocessing = 0;
		};
/* End PBXFrameworksBuildPhase section */

/* Begin PBXGroup section */
		8CAA5B5A1BED8C84004489D9 = {
			isa = PBXGroup;
			children = (
				8CAA5B651BED8C84004489D9 /* TwitterDecompiler */,
				8CAA5B641BED8C84004489D9 /* Products */,
			);
			sourceTree = "<group>";
		};
		8CAA5B641BED8C84004489D9 /* Products */ = {
			isa = PBXGroup;
			children = (
				8CAA5B631BED8C84004489D9 /* TwitterDecompiler */,
			);
			name = Products;
			sourceTree = "<group>";
		};
		8CAA5B651BED8C84004489D9 /* TwitterDecompiler */ = {
			isa = PBXGroup;
			children = (
				8CAA5B6D1BED8CE0004489D9 /* decrypt.c */,
				8CAA5B6E1BED8CE0004489D9 /* decrypt.h */,
				8CAA5B6F1BED8CE0004489D9 /* main.c */,
				8CAA5B701BED8CE0004489D9 /* memwatch.c */,
				8CAA5B711BED8CE0004489D9 /* memwatch.h */,
			);
			path = TwitterDecompiler;
			sourceTree = "<group>";
		};
/* End PBXGroup section */

/* Begin PBXNativeTarget section */
		8CAA5B621BED8C84004489D9 /* TwitterDecompiler */ = {
			isa = PBXNativeTarget;
			buildConfigurationList = 8CAA5B6A1BED8C84004489D9 /* Build configuration list for PBXNativeTarget "TwitterDecompiler" */;
			buildPhases = (
				8CAA5B5F1BED8C84004489D9 /* Sources */,
				8CAA5B601BED8C84004489D9 /* Frameworks */,
				8CAA5B611BED8C84004489D9 /* CopyFiles */,
			);
			buildRules = (
			);
			dependencies = (
			);
			name = TwitterDecompiler;
			productName = TwitterDecompiler;
			productReference = 8CAA5B631BED8C84004489D9 /* TwitterDecompiler */;
			productType = "com.apple.product-type.tool";
		};
/* End PBXNativeTarget section */

/* Begin PBXProject section */
		8CAA5B5B1BED8C84004489D9 /* Project object */ = {
			isa = PBXProject;
			attributes = {
				LastUpgradeCheck = 0630;
				ORGANIZATIONNAME = "Ian Pun";
				TargetAttributes = {
					8CAA5B621BED8C84004489D9 = {
						CreatedOnToolsVersion = 6.3.1;
					};
				};
			};
			buildConfigurationList = 8CAA5B5E1BED8C84004489D9 /* Build configuration list for PBXProject "TwitterDecompiler" */;
			compatibilityVersion = "Xcode 3.2";
			developmentRegion = English;
			hasScannedForEncodings = 0;
			knownRegions = (
				en,
			);
			mainGroup = 8CAA5B5A1BED8C84004489D9;
			productRefGroup = 8CAA5B641BED8C84004489D9 /* Products */;
			projectDirPath = "";
			projectRoot = "";
			targets = (
				8CAA5B621BED8C84004489D9 /* TwitterDecompiler */,
			);
		};
/* End PBXProject section */

/* Begin PBXSourcesBuildPhase section */
		8CAA5B5F1BED8C84004489D9 /* Sources */ = {
			isa = PBXSourcesBuildPhase;
			buildActionMask = 2147483647;
			files = (
				8CAA5B741BED8CE0004489D9 /* memwatch.c in Sources */,
				8CAA5B721BED8CE0004489D9 /* decrypt.c in Sources */,
				8CAA5B731BED8CE0004489D9 /* main.c in Sources */,
			);
			runOnlyForDeploymentPostprocessing = 0;
		};
/* End PBXSourcesBuildPhase section */

/* Begin XCBuildConfiguration section */
		8CAA5B681BED8C84004489D9 /* Debug */ = {
			isa = XCBuildConfiguration;
			buildSettings = {
				ALWAYS_SEARCH_USER_PATHS = NO;
				CLANG_CXX_LANGUAGE_STANDARD = "gnu++0x";
				CLANG_CXX_LIBRARY = "libc++";
				CLANG_ENABLE_MODULES = YES;
				CLANG_ENABLE_OBJC_ARC = YES;
				CLANG_WARN_BOOL_CONVERSION = YES;
				CLANG_WARN_CONSTANT_CONVERSION = YES;
				CLANG_WARN_DIRECT_OBJC_ISA_USAGE = YES_ERROR;
				CLANG_WARN_EMPTY_BODY = YES;
				CLANG_WARN_ENUM_CONVERSION = YES;
				CLANG_WARN_INT_CONVERSION = YES;
				CLANG_WARN_OBJC_ROOT_CLASS = YES_ERROR;
				CLANG_WARN_UNREACHABLE_CODE = YES;
				CLANG_WARN__DUPLICATE_METHOD_MATCH = YES;
				COPY_PHASE_STRIP = NO;
				DEBUG_INFORMATION_FORMAT = dwarf;
				ENABLE_STRICT_OBJC_MSGSEND = YES;
				GCC_C_LANGUAGE_STANDARD = gnu99;
				GCC_DYNAMIC_NO_PIC = NO;
				GCC_NO_COMMON_BLOCKS = YES;
				GCC_OPTIMIZATION_LEVEL = 0;
				GCC_PREPROCESSOR_DEFINITIONS = (
					"DEBUG=1",
					"$(inherited)",
				);
				GCC_SYMBOLS_PRIVATE_EXTERN = NO;
				GCC_WARN_64_TO_32_BIT_CONVERSION = YES;
				GCC_WARN_ABOUT_RETURN_TYPE = YES_ERROR;
				GCC_WARN_UNDECLARED_SELECTOR = YES;
				GCC_WARN_UNINITIALIZED_AUTOS = YES_AGGRESSIVE;
				GCC_WARN_UNUSED_FUNCTION = YES;
				GCC_WARN_UNUSED_VARIABLE = YES;
				MACOSX_DEPLOYMENT_TARGET = 10.10;
				MTL_ENABLE_DEBUG_INFO = YES;
				ONLY_ACTIVE_ARCH = YES;
				SDKROOT = macosx;
			};
			name = Debug;
		};
		8CAA5B691BED8C84004489D9 /* Release */ = {
			isa = XCBuildConfiguration;
			buildSettings = {
				ALWAYS_SEARCH_USER_PATHS = NO;
				CLANG_CXX_LANGUAGE_STANDARD = "gnu++0x";
				CLANG_CXX_LIBRARY = "libc++";
				CLANG_ENABLE_MODULES = YES;
				CLANG_ENABLE_OBJC_ARC = YES;
				CLANG_WARN_BOOL_CONVERSION = YES;
				CLANG_WARN_CONSTANT_CONVERSION = YES;
				CLANG_WARN_DIRECT_OBJC_ISA_USAGE = YES_ERROR;
				CLANG_WARN_EMPTY_BODY = YES;
				CLANG_WARN_ENUM_CONVERSION = YES;
				CLANG_WARN_INT_CONVERSION = YES;
				CLANG_WARN_OBJC_ROOT_CLASS = YES_ERROR;
				CLANG_WARN_UNREACHABLE_CODE = YES;
				CLANG_WARN__DUPLICATE_METHOD_MATCH = YES;
				COPY_PHASE_STRIP = NO;
				DEBUG_INFORMATION_FORMAT = "dwarf-with-dsym";
				ENABLE_NS_ASSERTIONS = NO;
				ENABLE_STRICT_OBJC_MSGSEND = YES;
				GCC_C_LANGUAGE_STANDARD = gnu99;
				GCC_NO_COMMON_BLOCKS = YES;
				GCC_WARN_64_TO_32_BIT_CONVERSION = YES;
				GCC_WARN_ABOUT_RETURN_TYPE = YES_ERROR;
				GCC_WARN_UNDECLARED_SELECTOR = YES;
				GCC_WARN_UNINITIALIZED_AUTOS = YES_AGGRESSIVE;
				GCC_WARN_UNUSED_FUNCTION = YES;
				GCC_WARN_UNUSED_VARIABLE = YES;
				MACOSX_DEPLOYMENT_TARGET = 10.10;
				MTL_ENABLE_DEBUG_INFO = NO;
				SDKROOT = macosx;
			};
			name = Release;
		};
		8CAA5B6B1BED8C84004489D9 /* Debug */ = {
			isa = XCBuildConfiguration;
			buildSettings = {
				PRODUCT_NAME = "$(TARGET_NAME)";
				STRIP_INSTALLED_PRODUCT = YES;
			};
			name = Debug;
		};
		8CAA5B6C1BED8C84004489D9 /* Release */ = {
			isa = XCBuildConfiguration;
			buildSettings = {
				PRODUCT_NAME = "$(TARGET_NAME)";
				STRIP_INSTALLED_PRODUCT = YES;
			};
			name = Release;
		};
/* End XCBuildConfiguration section */

/* Begin XCConfigurationList section */
		8CAA5B5E1BED8C84004489D9 /* Build configuration list for PBXProject "TwitterDecompiler" */ = {
			isa = XCConfigurationList;
			buildConfigurations = (
				8CAA5B681BED8C84004489D9 /* Debug */,
				8CAA5B691BED8C84004489D9 /* Release */,
			);
			defaultConfigurationIsVisible = 0;
			defaultConfigurationName = Release;
		};
		8CAA5B6A1BED8C84004489D9 /* Build configuration list for PBXNativeTarget "TwitterDecompiler" */ = {
			isa = XCConfigurationList;
			buildConfigurations = (
				8CAA5B6B1BED8C84004489D9 /* Debug */,
				8CAA5B6C1BED8C84004489D9 /* Release */,
			);
			defaultConfigurationIsVisible = 0;
		};
/* End XCConfigurationList section */
	};
	rootObject = 8CAA5B5B1BED8C84004489D9 /* Project object */;
}
